
Microsoft Visual Studio Solution File, Format Version 12.00
# Visual Studio Version 16
VisualStudioVersion = 16.0.30413.136
MinimumVisualStudioVersion = 10.0.40219.1
Project("{9A19103F-16F7-4668-BE54-9A1E7A4F7556}") = "YouTubeApiWrapper", "YoutubeCleanupTool\YouTubeApiWrapper.csproj", "{C2B84319-11E5-478B-A66E-EC592936A6EE}"
EndProject
Project("{2150E333-8FDC-42A3-9474-1A3956D46DE8}") = "Help", "Help", "{78B20DB0-EBCF-4BD5-B452-8F646688D575}"
	ProjectSection(SolutionItems) = preProject
		ARCHITECTURE.md = ARCHITECTURE.md
		NOTES.md = NOTES.md
		README.md = README.md
	EndProjectSection
EndProject
Project("{9A19103F-16F7-4668-BE54-9A1E7A4F7556}") = "YouTubeCleanupTool.Domain", "YoutubeCleanupTool.Domain\YouTubeCleanupTool.Domain.csproj", "{0B1DAB57-FE4F-45F2-B8E1-C5C0CEEAC139}"
EndProject
Project("{9A19103F-16F7-4668-BE54-9A1E7A4F7556}") = "YouTubeCleanupTool.DataAccess", "YoutubeCleanupTool.DataAccess\YouTubeCleanupTool.DataAccess.csproj", "{03700D71-2DAB-4DF0-BA6D-A457DC35B2A7}"
EndProject
Project("{9A19103F-16F7-4668-BE54-9A1E7A4F7556}") = "YouTubeCleanupTool.Domain.UnitTests", "YoutubeCleanupTool.Domain.UnitTests\YouTubeCleanupTool.Domain.UnitTests.csproj", "{351FA735-44D5-4D25-8AFC-3FAF9FBBA24B}"
EndProject
Project("{9A19103F-16F7-4668-BE54-9A1E7A4F7556}") = "YouTubeCleanupWpf", "YoutubeCleanupWpf\YouTubeCleanupWpf.csproj", "{1F01C4B1-68CA-4752-B73F-3E0ED9A63876}"
EndProject
Project("{9A19103F-16F7-4668-BE54-9A1E7A4F7556}") = "YouTubeCleanupWpf.UnitTests", "YouTubeCleanupWpfTests\YouTubeCleanupWpf.UnitTests.csproj", "{A007DF6F-300A-4B6E-8692-E5A1EBBA0A47}"
EndProject
Project("{2150E333-8FDC-42A3-9474-1A3956D46DE8}") = "Tests", "Tests", "{36D9F9BA-A7CE-4F8A-A392-2072796B978B}"
EndProject
Project("{9A19103F-16F7-4668-BE54-9A1E7A4F7556}") = "UnitTests.Common", "UnitTests.Common\UnitTests.Common.csproj", "{E6EE12DB-05C7-4BD0-9FA8-3C5D1CC9639B}"
EndProject
Project("{FAE04EC0-301F-11D3-BF4B-00C04F79EFBC}") = "YouTubeCleanup.Ui", "YouTubeCleanup.Ui\YouTubeCleanup.Ui.csproj", "{39BEDD8C-D545-4CDE-AE6B-A715D0B3A178}"
EndProject
Global
	GlobalSection(SolutionConfigurationPlatforms) = preSolution
		Debug|Any CPU = Debug|Any CPU
		Release|Any CPU = Release|Any CPU
	EndGlobalSection
	GlobalSection(ProjectConfigurationPlatforms) = postSolution
		{C2B84319-11E5-478B-A66E-EC592936A6EE}.Debug|Any CPU.ActiveCfg = Debug|Any CPU
		{C2B84319-11E5-478B-A66E-EC592936A6EE}.Debug|Any CPU.Build.0 = Debug|Any CPU
		{C2B84319-11E5-478B-A66E-EC592936A6EE}.Release|Any CPU.ActiveCfg = Release|Any CPU
		{C2B84319-11E5-478B-A66E-EC592936A6EE}.Release|Any CPU.Build.0 = Release|Any CPU
		{0B1DAB57-FE4F-45F2-B8E1-C5C0CEEAC139}.Debug|Any CPU.ActiveCfg = Debug|Any CPU
		{0B1DAB57-FE4F-45F2-B8E1-C5C0CEEAC139}.Debug|Any CPU.Build.0 = Debug|Any CPU
		{0B1DAB57-FE4F-45F2-B8E1-C5C0CEEAC139}.Release|Any CPU.ActiveCfg = Release|Any CPU
		{0B1DAB57-FE4F-45F2-B8E1-C5C0CEEAC139}.Release|Any CPU.Build.0 = Release|Any CPU
		{03700D71-2DAB-4DF0-BA6D-A457DC35B2A7}.Debug|Any CPU.ActiveCfg = Debug|Any CPU
		{03700D71-2DAB-4DF0-BA6D-A457DC35B2A7}.Debug|Any CPU.Build.0 = Debug|Any CPU
		{03700D71-2DAB-4DF0-BA6D-A457DC35B2A7}.Release|Any CPU.ActiveCfg = Release|Any CPU
		{03700D71-2DAB-4DF0-BA6D-A457DC35B2A7}.Release|Any CPU.Build.0 = Release|Any CPU
		{351FA735-44D5-4D25-8AFC-3FAF9FBBA24B}.Debug|Any CPU.ActiveCfg = Debug|Any CPU
		{351FA735-44D5-4D25-8AFC-3FAF9FBBA24B}.Debug|Any CPU.Build.0 = Debug|Any CPU
		{351FA735-44D5-4D25-8AFC-3FAF9FBBA24B}.Release|Any CPU.ActiveCfg = Release|Any CPU
		{351FA735-44D5-4D25-8AFC-3FAF9FBBA24B}.Release|Any CPU.Build.0 = Release|Any CPU
		{1F01C4B1-68CA-4752-B73F-3E0ED9A63876}.Debug|Any CPU.ActiveCfg = Debug|Any CPU
		{1F01C4B1-68CA-4752-B73F-3E0ED9A63876}.Debug|Any CPU.Build.0 = Debug|Any CPU
		{1F01C4B1-68CA-4752-B73F-3E0ED9A63876}.Release|Any CPU.ActiveCfg = Release|Any CPU
		{1F01C4B1-68CA-4752-B73F-3E0ED9A63876}.Release|Any CPU.Build.0 = Release|Any CPU
		{A007DF6F-300A-4B6E-8692-E5A1EBBA0A47}.Debug|Any CPU.ActiveCfg = Debug|Any CPU
		{A007DF6F-300A-4B6E-8692-E5A1EBBA0A47}.Debug|Any CPU.Build.0 = Debug|Any CPU
		{A007DF6F-300A-4B6E-8692-E5A1EBBA0A47}.Release|Any CPU.ActiveCfg = Release|Any CPU
		{A007DF6F-300A-4B6E-8692-E5A1EBBA0A47}.Release|Any CPU.Build.0 = Release|Any CPU
		{E6EE12DB-05C7-4BD0-9FA8-3C5D1CC9639B}.Debug|Any CPU.ActiveCfg = Debug|Any CPU
		{E6EE12DB-05C7-4BD0-9FA8-3C5D1CC9639B}.Debug|Any CPU.Build.0 = Debug|Any CPU
		{E6EE12DB-05C7-4BD0-9FA8-3C5D1CC9639B}.Release|Any CPU.ActiveCfg = Release|Any CPU
		{E6EE12DB-05C7-4BD0-9FA8-3C5D1CC9639B}.Release|Any CPU.Build.0 = Release|Any CPU
		{39BEDD8C-D545-4CDE-AE6B-A715D0B3A178}.Debug|Any CPU.ActiveCfg = Debug|Any CPU
		{39BEDD8C-D545-4CDE-AE6B-A715D0B3A178}.Debug|Any CPU.Build.0 = Debug|Any CPU
		{39BEDD8C-D545-4CDE-AE6B-A715D0B3A178}.Release|Any CPU.ActiveCfg = Release|Any CPU
		{39BEDD8C-D545-4CDE-AE6B-A715D0B3A178}.Release|Any CPU.Build.0 = Release|Any CPU
	EndGlobalSection
	GlobalSection(SolutionProperties) = preSolution
		HideSolutionNode = FALSE
	EndGlobalSection
	GlobalSection(NestedProjects) = preSolution
		{351FA735-44D5-4D25-8AFC-3FAF9FBBA24B} = {36D9F9BA-A7CE-4F8A-A392-2072796B978B}
		{A007DF6F-300A-4B6E-8692-E5A1EBBA0A47} = {36D9F9BA-A7CE-4F8A-A392-2072796B978B}
		{E6EE12DB-05C7-4BD0-9FA8-3C5D1CC9639B} = {36D9F9BA-A7CE-4F8A-A392-2072796B978B}
	EndGlobalSection
	GlobalSection(ExtensibilityGlobals) = postSolution
		SolutionGuid = {11625CAC-0363-41BE-AF45-4A47703EE566}
	EndGlobalSection
EndGlobal
